// !$*UTF8*$!
{
	archiveVersion = 1;
	classes = {
	};
	objectVersion = 46;
	objects = {

/* Begin PBXBuildFile section */
		413303191C8557A600765FE2 /* AppDelegate.swift in Sources */ = {isa = PBXBuildFile; fileRef = 413303181C8557A600765FE2 /* AppDelegate.swift */; };
		4133031B1C8557A600765FE2 /* SelectionViewController.swift in Sources */ = {isa = PBXBuildFile; fileRef = 4133031A1C8557A600765FE2 /* SelectionViewController.swift */; };
		4133031E1C8557A600765FE2 /* Main.storyboard in Resources */ = {isa = PBXBuildFile; fileRef = 4133031C1C8557A600765FE2 /* Main.storyboard */; settings = {ASSET_TAGS = (rock, ); }; };
		413303201C8557A600765FE2 /* Assets.xcassets in Resources */ = {isa = PBXBuildFile; fileRef = 4133031F1C8557A600765FE2 /* Assets.xcassets */; };
		413303231C8557A600765FE2 /* LaunchScreen.storyboard in Resources */ = {isa = PBXBuildFile; fileRef = 413303211C8557A600765FE2 /* LaunchScreen.storyboard */; };
		4133032B1C8559A900765FE2 /* WinnerViewController.swift in Sources */ = {isa = PBXBuildFile; fileRef = 4133032A1C8559A900765FE2 /* WinnerViewController.swift */; };
/* End PBXBuildFile section */

/* Begin PBXFileReference section */
		413303151C8557A600765FE2 /* RockPaperScissors.app */ = {isa = PBXFileReference; explicitFileType = wrapper.application; includeInIndex = 0; path = RockPaperScissors.app; sourceTree = BUILT_PRODUCTS_DIR; };
		413303181C8557A600765FE2 /* AppDelegate.swift */ = {isa = PBXFileReference; lastKnownFileType = sourcecode.swift; path = AppDelegate.swift; sourceTree = "<group>"; };
		4133031A1C8557A600765FE2 /* SelectionViewController.swift */ = {isa = PBXFileReference; lastKnownFileType = sourcecode.swift; path = SelectionViewController.swift; sourceTree = "<group>"; };
		4133031D1C8557A600765FE2 /* Base */ = {isa = PBXFileReference; lastKnownFileType = file.storyboard; name = Base; path = Base.lproj/Main.storyboard; sourceTree = "<group>"; };
		4133031F1C8557A600765FE2 /* Assets.xcassets */ = {isa = PBXFileReference; lastKnownFileType = folder.assetcatalog; path = Assets.xcassets; sourceTree = "<group>"; };
		413303221C8557A600765FE2 /* Base */ = {isa = PBXFileReference; lastKnownFileType = file.storyboard; name = Base; path = Base.lproj/LaunchScreen.storyboard; sourceTree = "<group>"; };
		413303241C8557A600765FE2 /* Info.plist */ = {isa = PBXFileReference; lastKnownFileType = text.plist.xml; path = Info.plist; sourceTree = "<group>"; };
		4133032A1C8559A900765FE2 /* WinnerViewController.swift */ = {isa = PBXFileReference; fileEncoding = 4; lastKnownFileType = sourcecode.swift; path = WinnerViewController.swift; sourceTree = "<group>"; };
/* End PBXFileReference section */

/* Begin PBXFrameworksBuildPhase section */
		413303121C8557A600765FE2 /* Frameworks */ = {
			isa = PBXFrameworksBuildPhase;
			buildActionMask = 2147483647;
			files = (
			);
			runOnlyForDeploymentPostprocessing = 0;
		};
/* End PBXFrameworksBuildPhase section */

/* Begin PBXGroup section */
		4133030C1C8557A600765FE2 = {
			isa = PBXGroup;
			children = (
				413303171C8557A600765FE2 /* RockPaperScissors */,
				413303161C8557A600765FE2 /* Products */,
			);
			sourceTree = "<group>";
		};
		413303161C8557A600765FE2 /* Products */ = {
			isa = PBXGroup;
			children = (
				413303151C8557A600765FE2 /* RockPaperScissors.app */,
			);
			name = Products;
			sourceTree = "<group>";
		};
		413303171C8557A600765FE2 /* RockPaperScissors */ = {
			isa = PBXGroup;
			children = (
				413303181C8557A600765FE2 /* AppDelegate.swift */,
				4133031A1C8557A600765FE2 /* SelectionViewController.swift */,
				4133032A1C8559A900765FE2 /* WinnerViewController.swift */,
				4133031C1C8557A600765FE2 /* Main.storyboard */,
				4133031F1C8557A600765FE2 /* Assets.xcassets */,
				413303211C8557A600765FE2 /* LaunchScreen.storyboard */,
				413303241C8557A600765FE2 /* Info.plist */,
			);
			path = RockPaperScissors;
			sourceTree = "<group>";
		};
/* End PBXGroup section */

/* Begin PBXNativeTarget section */
		413303141C8557A600765FE2 /* RockPaperScissors */ = {
			isa = PBXNativeTarget;
			buildConfigurationList = 413303271C8557A600765FE2 /* Build configuration list for PBXNativeTarget "RockPaperScissors" */;
			buildPhases = (
				413303111C8557A600765FE2 /* Sources */,
				413303121C8557A600765FE2 /* Frameworks */,
				413303131C8557A600765FE2 /* Resources */,
			);
			buildRules = (
			);
			dependencies = (
			);
			name = RockPaperScissors;
			productName = RockPaperScissors;
			productReference = 413303151C8557A600765FE2 /* RockPaperScissors.app */;
			productType = "com.apple.product-type.application";
		};
/* End PBXNativeTarget section */

/* Begin PBXProject section */
		4133030D1C8557A600765FE2 /* Project object */ = {
			isa = PBXProject;
			attributes = {
				KnownAssetTags = (
					rock,
				);
				LastSwiftUpdateCheck = 0720;
				LastUpgradeCheck = 0720;
				ORGANIZATIONNAME = "Donny Davis";
				TargetAttributes = {
					413303141C8557A600765FE2 = {
						CreatedOnToolsVersion = 7.2.1;
						DevelopmentTeam = 4B3L94BG4K;
					};
				};
			};
			buildConfigurationList = 413303101C8557A600765FE2 /* Build configuration list for PBXProject "RockPaperScissors" */;
			compatibilityVersion = "Xcode 3.2";
			developmentRegion = English;
			hasScannedForEncodings = 0;
			knownRegions = (
				en,
				Base,
			);
			mainGroup = 4133030C1C8557A600765FE2;
			productRefGroup = 413303161C8557A600765FE2 /* Products */;
			projectDirPath = "";
			projectRoot = "";
			targets = (
				413303141C8557A600765FE2 /* RockPaperScissors */,
			);
		};
/* End PBXProject section */

/* Begin PBXResourcesBuildPhase section */
		413303131C8557A600765FE2 /* Resources */ = {
			isa = PBXResourcesBuildPhase;
			buildActionMask = 2147483647;
			files = (
				413303231C8557A600765FE2 /* LaunchScreen.storyboard in Resources */,
				413303201C8557A600765FE2 /* Assets.xcassets in Resources */,
				4133031E1C8557A600765FE2 /* Main.storyboard in Resources */,
			);
			runOnlyForDeploymentPostprocessing = 0;
		};
/* End PBXResourcesBuildPhase section */

/* Begin PBXSourcesBuildPhase section */
		413303111C8557A600765FE2 /* Sources */ = {
			isa = PBXSourcesBuildPhase;
			buildActionMask = 2147483647;
			files = (
				4133031B1C8557A600765FE2 /* SelectionViewController.swift in Sources */,
				413303191C8557A600765FE2 /* AppDelegate.swift in Sources */,
				4133032B1C8559A900765FE2 /* WinnerViewController.swift in Sources */,
			);
			runOnlyForDeploymentPostprocessing = 0;
		};
/* End PBXSourcesBuildPhase section */

/* Begin PBXVariantGroup section */
		4133031C1C8557A600765FE2 /* Main.storyboard */ = {
			isa = PBXVariantGroup;
			children = (
				4133031D1C8557A600765FE2 /* Base */,
			);
			name = Main.storyboard;
			sourceTree = "<group>";
		};
		413303211C8557A600765FE2 /* LaunchScreen.storyboard */ = {
			isa = PBXVariantGroup;
			children = (
				413303221C8557A600765FE2 /* Base */,
			);
			name = LaunchScreen.storyboard;
			sourceTree = "<group>";
		};
/* End PBXVariantGroup section */

/* Begin XCBuildConfiguration section */
		413303251C8557A600765FE2 /* Debug */ = {
			isa = XCBuildConfiguration;
			buildSettings = {
				ALWAYS_SEARCH_USER_PATHS = NO;
				CLANG_CXX_LANGUAGE_STANDARD = "gnu++0x";
				CLANG_CXX_LIBRARY = "libc++";
				CLANG_ENABLE_MODULES = YES;
				CLANG_ENABLE_OBJC_ARC = YES;
				CLANG_WARN_BOOL_CONVERSION = YES;
				CLANG_WARN_CONSTANT_CONVERSION = YES;
				CLANG_WARN_DIRECT_OBJC_ISA_USAGE = YES_ERROR;
				CLANG_WARN_EMPTY_BODY = YES;
				CLANG_WARN_ENUM_CONVERSION = YES;
				CLANG_WARN_INT_CONVERSION = YES;
				CLANG_WARN_OBJC_ROOT_CLASS = YES_ERROR;
				CLANG_WARN_UNREACHABLE_CODE = YES;
				CLANG_WARN__DUPLICATE_METHOD_MATCH = YES;
				"CODE_SIGN_IDENTITY[sdk=iphoneos*]" = "iPhone Developer";
				COPY_PHASE_STRIP = NO;
				DEBUG_INFORMATION_FORMAT = dwarf;
				ENABLE_STRICT_OBJC_MSGSEND = YES;
				ENABLE_TESTABILITY = YES;
				GCC_C_LANGUAGE_STANDARD = gnu99;
				GCC_DYNAMIC_NO_PIC = NO;
				GCC_NO_COMMON_BLOCKS = YES;
				GCC_OPTIMIZATION_LEVEL = 0;
				GCC_PREPROCESSOR_DEFINITIONS = (
					"DEBUG=1",
					"$(inherited)",
				);
				GCC_WARN_64_TO_32_BIT_CONVERSION = YES;
				GCC_WARN_ABOUT_RETURN_TYPE = YES_ERROR;
				GCC_WARN_UNDECLARED_SELECTOR = YES;
				GCC_WARN_UNINITIALIZED_AUTOS = YES_AGGRESSIVE;
				GCC_WARN_UNUSED_FUNCTION = YES;
				GCC_WARN_UNUSED_VARIABLE = YES;
				IPHONEOS_DEPLOYMENT_TARGET = 9.2;
				MTL_ENABLE_DEBUG_INFO = YES;
				ONLY_ACTIVE_ARCH = YES;
				SDKROOT = iphoneos;
				SWIFT_OPTIMIZATION_LEVEL = "-Onone";
			};
			name = Debug;
		};
		413303261C8557A600765FE2 /* Release */ = {
			isa = XCBuildConfiguration;
			buildSettings = {
				ALWAYS_SEARCH_USER_PATHS = NO;
				CLANG_CXX_LANGUAGE_STANDARD = "gnu++0x";
				CLANG_CXX_LIBRARY = "libc++";
				CLANG_ENABLE_MODULES = YES;
				CLANG_ENABLE_OBJC_ARC = YES;
				CLANG_WARN_BOOL_CONVERSION = YES;
				CLANG_WARN_CONSTANT_CONVERSION = YES;
				CLANG_WARN_DIRECT_OBJC_ISA_USAGE = YES_ERROR;
				CLANG_WARN_EMPTY_BODY = YES;
				CLANG_WARN_ENUM_CONVERSION = YES;
				CLANG_WARN_INT_CONVERSION = YES;
				CLANG_WARN_OBJC_ROOT_CLASS = YES_ERROR;
				CLANG_WARN_UNREACHABLE_CODE = YES;
				CLANG_WARN__DUPLICATE_METHOD_MATCH = YES;
				"CODE_SIGN_IDENTITY[sdk=iphoneos*]" = "iPhone Developer";
				COPY_PHASE_STRIP = NO;
				DEBUG_INFORMATION_FORMAT = "dwarf-with-dsym";
				ENABLE_NS_ASSERTIONS = NO;
				ENABLE_STRICT_OBJC_MSGSEND = YES;
				GCC_C_LANGUAGE_STANDARD = gnu99;
				GCC_NO_COMMON_BLOCKS = YES;
				GCC_WARN_64_TO_32_BIT_CONVERSION = YES;
				GCC_WARN_ABOUT_RETURN_TYPE = YES_ERROR;
				GCC_WARN_UNDECLARED_SELECTOR = YES;
				GCC_WARN_UNINITIALIZED_AUTOS = YES_AGGRESSIVE;
				GCC_WARN_UNUSED_FUNCTION = YES;
				GCC_WARN_UNUSED_VARIABLE = YES;
				IPHONEOS_DEPLOYMENT_TARGET = 9.2;
				MTL_ENABLE_DEBUG_INFO = NO;
				SDKROOT = iphoneos;
				VALIDATE_PRODUCT = YES;
			};
			name = Release;
		};
		413303281C8557A600765FE2 /* Debug */ = {
			isa = XCBuildConfiguration;
			buildSettings = {
				ASSETCATALOG_COMPILER_APPICON_NAME = AppIcon;
				INFOPLIST_FILE = RockPaperScissors/Info.plist;
				LD_RUNPATH_SEARCH_PATHS = "$(inherited) @executable_path/Frameworks";
				PRODUCT_BUNDLE_IDENTIFIER = com.donnydavis.RockPaperScissors;
				PRODUCT_NAME = "$(TARGET_NAME)";
			};
			name = Debug;
		};
		413303291C8557A600765FE2 /* Release */ = {
			isa = XCBuildConfiguration;
			buildSettings = {
				ASSETCATALOG_COMPILER_APPICON_NAME = AppIcon;
				INFOPLIST_FILE = RockPaperScissors/Info.plist;
				LD_RUNPATH_SEARCH_PATHS = "$(inherited) @executable_path/Frameworks";
				PRODUCT_BUNDLE_IDENTIFIER = com.donnydavis.RockPaperScissors;
				PRODUCT_NAME = "$(TARGET_NAME)";
			};
			name = Release;
		};
/* End XCBuildConfiguration section */

/* Begin XCConfigurationList section */
		413303101C8557A600765FE2 /* Build configuration list for PBXProject "RockPaperScissors" */ = {
			isa = XCConfigurationList;
			buildConfigurations = (
				413303251C8557A600765FE2 /* Debug */,
				413303261C8557A600765FE2 /* Release */,
			);
			defaultConfigurationIsVisible = 0;
			defaultConfigurationName = Release;
		};
		413303271C8557A600765FE2 /* Build configuration list for PBXNativeTarget "RockPaperScissors" */ = {
			isa = XCConfigurationList;
			buildConfigurations = (
				413303281C8557A600765FE2 /* Debug */,
				413303291C8557A600765FE2 /* Release */,
			);
			defaultConfigurationIsVisible = 0;
			defaultConfigurationName = Release;
		};
/* End XCConfigurationList section */
	};
	rootObject = 4133030D1C8557A600765FE2 /* Project object */;
}
